
Microsoft Visual Studio Solution File, Format Version 12.00
# Visual Studio Version 17
VisualStudioVersion = 17.12.35506.116
MinimumVisualStudioVersion = 10.0.40219.1
Project("{FAE04EC0-301F-11D3-BF4B-00C04F79EFBC}") = "CSharpLessons", "CSharpLessons\CSharpLessons.csproj", "{1419064F-3B65-4D71-B10F-29B15F423109}"
EndProject
Project("{FAE04EC0-301F-11D3-BF4B-00C04F79EFBC}") = "AcademyManagmentSystem", "AcademyManagmentSystem\AcademyManagmentSystem.csproj", "{8D036A0A-A58D-4EE9-95E2-99245C60D227}"
EndProject
Project("{FAE04EC0-301F-11D3-BF4B-00C04F79EFBC}") = "StoreManagment", "StoreManagment\StoreManagment.csproj", "{21D34CDE-24F7-4AEB-BA9E-DACDA3A0AB45}"
EndProject
Project("{FAE04EC0-301F-11D3-BF4B-00C04F79EFBC}") = "NamespaceExamples", "NamespaceExamples\NamespaceExamples.csproj", "{999B40E5-88AF-4AC8-A3C1-634CED53DA02}"
EndProject
Project("{FAE04EC0-301F-11D3-BF4B-00C04F79EFBC}") = "NamespaceReferenceExample", "NamespaceReferenceExample\NamespaceReferenceExample.csproj", "{EC31BF34-E318-435E-94DE-17C2E3961B19}"
EndProject
Project("{FAE04EC0-301F-11D3-BF4B-00C04F79EFBC}") = "ExtensionMethods", "ExtensionMethods\ExtensionMethods.csproj", "{EA2E1751-DB77-44E8-B290-CDDAB3D6F7F4}"
EndProject
Project("{FAE04EC0-301F-11D3-BF4B-00C04F79EFBC}") = "CreditApplication", "CreditApplication\CreditApplication.csproj", "{CF6259BC-FEBC-48FF-9C44-4C965747DC9B}"
EndProject
Project("{FAE04EC0-301F-11D3-BF4B-00C04F79EFBC}") = "Indexer", "Indexer\Indexer.csproj", "{1330BC9B-2063-420F-8FE0-F76F7377E728}"
EndProject
Project("{FAE04EC0-301F-11D3-BF4B-00C04F79EFBC}") = "Generics", "Generics\Generics.csproj", "{5DFAA5AD-130D-482C-B94F-A6FD5B2DBB8D}"
EndProject
Project("{FAE04EC0-301F-11D3-BF4B-00C04F79EFBC}") = "Delegates", "Delegates\Delegates.csproj", "{52AD37AF-8595-424B-93C6-97B21935BEF6}"
EndProject
Project("{FAE04EC0-301F-11D3-BF4B-00C04F79EFBC}") = "TypeCasting", "TypeCasting\TypeCasting.csproj", "{12D8F8DB-529B-40D2-9EDE-617507F4190C}"
EndProject
Project("{FAE04EC0-301F-11D3-BF4B-00C04F79EFBC}") = "TicTacToe", "TicTacToe\TicTacToe.csproj", "{3D83AB7B-ACD7-43CA-BFFB-E02C31E1743E}"
EndProject
Global
	GlobalSection(SolutionConfigurationPlatforms) = preSolution
		Debug|Any CPU = Debug|Any CPU
		Release|Any CPU = Release|Any CPU
	EndGlobalSection
	GlobalSection(ProjectConfigurationPlatforms) = postSolution
		{1419064F-3B65-4D71-B10F-29B15F423109}.Debug|Any CPU.ActiveCfg = Debug|Any CPU
		{1419064F-3B65-4D71-B10F-29B15F423109}.Debug|Any CPU.Build.0 = Debug|Any CPU
		{1419064F-3B65-4D71-B10F-29B15F423109}.Release|Any CPU.ActiveCfg = Release|Any CPU
		{1419064F-3B65-4D71-B10F-29B15F423109}.Release|Any CPU.Build.0 = Release|Any CPU
		{8D036A0A-A58D-4EE9-95E2-99245C60D227}.Debug|Any CPU.ActiveCfg = Debug|Any CPU
		{8D036A0A-A58D-4EE9-95E2-99245C60D227}.Debug|Any CPU.Build.0 = Debug|Any CPU
		{8D036A0A-A58D-4EE9-95E2-99245C60D227}.Release|Any CPU.ActiveCfg = Release|Any CPU
		{8D036A0A-A58D-4EE9-95E2-99245C60D227}.Release|Any CPU.Build.0 = Release|Any CPU
		{21D34CDE-24F7-4AEB-BA9E-DACDA3A0AB45}.Debug|Any CPU.ActiveCfg = Debug|Any CPU
		{21D34CDE-24F7-4AEB-BA9E-DACDA3A0AB45}.Debug|Any CPU.Build.0 = Debug|Any CPU
		{21D34CDE-24F7-4AEB-BA9E-DACDA3A0AB45}.Release|Any CPU.ActiveCfg = Release|Any CPU
		{21D34CDE-24F7-4AEB-BA9E-DACDA3A0AB45}.Release|Any CPU.Build.0 = Release|Any CPU
		{999B40E5-88AF-4AC8-A3C1-634CED53DA02}.Debug|Any CPU.ActiveCfg = Debug|Any CPU
		{999B40E5-88AF-4AC8-A3C1-634CED53DA02}.Debug|Any CPU.Build.0 = Debug|Any CPU
		{999B40E5-88AF-4AC8-A3C1-634CED53DA02}.Release|Any CPU.ActiveCfg = Release|Any CPU
		{999B40E5-88AF-4AC8-A3C1-634CED53DA02}.Release|Any CPU.Build.0 = Release|Any CPU
		{EC31BF34-E318-435E-94DE-17C2E3961B19}.Debug|Any CPU.ActiveCfg = Debug|Any CPU
		{EC31BF34-E318-435E-94DE-17C2E3961B19}.Debug|Any CPU.Build.0 = Debug|Any CPU
		{EC31BF34-E318-435E-94DE-17C2E3961B19}.Release|Any CPU.ActiveCfg = Release|Any CPU
		{EC31BF34-E318-435E-94DE-17C2E3961B19}.Release|Any CPU.Build.0 = Release|Any CPU
		{EA2E1751-DB77-44E8-B290-CDDAB3D6F7F4}.Debug|Any CPU.ActiveCfg = Debug|Any CPU
		{EA2E1751-DB77-44E8-B290-CDDAB3D6F7F4}.Debug|Any CPU.Build.0 = Debug|Any CPU
		{EA2E1751-DB77-44E8-B290-CDDAB3D6F7F4}.Release|Any CPU.ActiveCfg = Release|Any CPU
		{EA2E1751-DB77-44E8-B290-CDDAB3D6F7F4}.Release|Any CPU.Build.0 = Release|Any CPU
		{CF6259BC-FEBC-48FF-9C44-4C965747DC9B}.Debug|Any CPU.ActiveCfg = Debug|Any CPU
		{CF6259BC-FEBC-48FF-9C44-4C965747DC9B}.Debug|Any CPU.Build.0 = Debug|Any CPU
		{CF6259BC-FEBC-48FF-9C44-4C965747DC9B}.Release|Any CPU.ActiveCfg = Release|Any CPU
		{CF6259BC-FEBC-48FF-9C44-4C965747DC9B}.Release|Any CPU.Build.0 = Release|Any CPU
		{1330BC9B-2063-420F-8FE0-F76F7377E728}.Debug|Any CPU.ActiveCfg = Debug|Any CPU
		{1330BC9B-2063-420F-8FE0-F76F7377E728}.Debug|Any CPU.Build.0 = Debug|Any CPU
		{1330BC9B-2063-420F-8FE0-F76F7377E728}.Release|Any CPU.ActiveCfg = Release|Any CPU
		{1330BC9B-2063-420F-8FE0-F76F7377E728}.Release|Any CPU.Build.0 = Release|Any CPU
		{5DFAA5AD-130D-482C-B94F-A6FD5B2DBB8D}.Debug|Any CPU.ActiveCfg = Debug|Any CPU
		{5DFAA5AD-130D-482C-B94F-A6FD5B2DBB8D}.Debug|Any CPU.Build.0 = Debug|Any CPU
		{5DFAA5AD-130D-482C-B94F-A6FD5B2DBB8D}.Release|Any CPU.ActiveCfg = Release|Any CPU
		{5DFAA5AD-130D-482C-B94F-A6FD5B2DBB8D}.Release|Any CPU.Build.0 = Release|Any CPU
		{52AD37AF-8595-424B-93C6-97B21935BEF6}.Debug|Any CPU.ActiveCfg = Debug|Any CPU
		{52AD37AF-8595-424B-93C6-97B21935BEF6}.Debug|Any CPU.Build.0 = Debug|Any CPU
		{52AD37AF-8595-424B-93C6-97B21935BEF6}.Release|Any CPU.ActiveCfg = Release|Any CPU
		{52AD37AF-8595-424B-93C6-97B21935BEF6}.Release|Any CPU.Build.0 = Release|Any CPU
		{12D8F8DB-529B-40D2-9EDE-617507F4190C}.Debug|Any CPU.ActiveCfg = Debug|Any CPU
		{12D8F8DB-529B-40D2-9EDE-617507F4190C}.Debug|Any CPU.Build.0 = Debug|Any CPU
		{12D8F8DB-529B-40D2-9EDE-617507F4190C}.Release|Any CPU.ActiveCfg = Release|Any CPU
		{12D8F8DB-529B-40D2-9EDE-617507F4190C}.Release|Any CPU.Build.0 = Release|Any CPU
		{3D83AB7B-ACD7-43CA-BFFB-E02C31E1743E}.Debug|Any CPU.ActiveCfg = Debug|Any CPU
		{3D83AB7B-ACD7-43CA-BFFB-E02C31E1743E}.Debug|Any CPU.Build.0 = Debug|Any CPU
		{3D83AB7B-ACD7-43CA-BFFB-E02C31E1743E}.Release|Any CPU.ActiveCfg = Release|Any CPU
		{3D83AB7B-ACD7-43CA-BFFB-E02C31E1743E}.Release|Any CPU.Build.0 = Release|Any CPU
	EndGlobalSection
	GlobalSection(SolutionProperties) = preSolution
		HideSolutionNode = FALSE
	EndGlobalSection
	GlobalSection(ExtensibilityGlobals) = postSolution
		SolutionGuid = {971E2DD6-1E30-443C-ACB8-357BC4EE9F04}
	EndGlobalSection
EndGlobal
